// !$*UTF8*$!
{
	archiveVersion = 1;
	classes = {
	};
	objectVersion = 56;
	objects = {

/* Begin PBXBuildFile section */
		E507FB44296753CA006BDFA8 /* BMHTTPHeaders.swift in Sources */ = {isa = PBXBuildFile; fileRef = E507FB43296753CA006BDFA8 /* BMHTTPHeaders.swift */; };
		E50E7568293F83F90021722B /* BlackMarketApp.swift in Sources */ = {isa = PBXBuildFile; fileRef = E50E7567293F83F90021722B /* BlackMarketApp.swift */; };
		E50E756C293F83FA0021722B /* Assets.xcassets in Resources */ = {isa = PBXBuildFile; fileRef = E50E756B293F83FA0021722B /* Assets.xcassets */; };
		E50E756F293F83FA0021722B /* Preview Assets.xcassets in Resources */ = {isa = PBXBuildFile; fileRef = E50E756E293F83FA0021722B /* Preview Assets.xcassets */; };
		E51AA7C82940BF7C00D13F1C /* SecureToggleTextFieldView.swift in Sources */ = {isa = PBXBuildFile; fileRef = E51AA7C72940BF7C00D13F1C /* SecureToggleTextFieldView.swift */; };
		E51AA7CB2940C36000D13F1C /* ButtonViewModifier.swift in Sources */ = {isa = PBXBuildFile; fileRef = E51AA7CA2940C36000D13F1C /* ButtonViewModifier.swift */; };
		E51AA7D12940C93500D13F1C /* UIConstants.swift in Sources */ = {isa = PBXBuildFile; fileRef = E51AA7D02940C93500D13F1C /* UIConstants.swift */; };
		E51AA7D32940CF3200D13F1C /* Colors.swift in Sources */ = {isa = PBXBuildFile; fileRef = E51AA7D22940CF3200D13F1C /* Colors.swift */; };
		E51AA7D52940CFF700D13F1C /* Colors.xcassets in Resources */ = {isa = PBXBuildFile; fileRef = E51AA7D42940CFF700D13F1C /* Colors.xcassets */; };
		E51AA7D929410F0300D13F1C /* Localizable.strings in Resources */ = {isa = PBXBuildFile; fileRef = E51AA7D829410F0300D13F1C /* Localizable.strings */; };
		E51AA7DC29410F2B00D13F1C /* String+extension.swift in Sources */ = {isa = PBXBuildFile; fileRef = E51AA7DB29410F2B00D13F1C /* String+extension.swift */; };
		E51AA7E0294112C700D13F1C /* LocalizedString.swift in Sources */ = {isa = PBXBuildFile; fileRef = E51AA7DF294112C700D13F1C /* LocalizedString.swift */; };
		E5210A74296C934200AA4AFA /* SearchBarView.swift in Sources */ = {isa = PBXBuildFile; fileRef = E5210A73296C934200AA4AFA /* SearchBarView.swift */; };
		E5210A76296CA2CD00AA4AFA /* SearchBarDomain.swift in Sources */ = {isa = PBXBuildFile; fileRef = E5210A75296CA2CD00AA4AFA /* SearchBarDomain.swift */; };
		E5210A78296CAF4D00AA4AFA /* DashboardDomain.swift in Sources */ = {isa = PBXBuildFile; fileRef = E5210A77296CAF4D00AA4AFA /* DashboardDomain.swift */; };
		E527D09E296EFBE200CF5444 /* PromoCardView.swift in Sources */ = {isa = PBXBuildFile; fileRef = E527D09D296EFBE200CF5444 /* PromoCardView.swift */; };
		E527D0A0296F046600CF5444 /* PromoCardDomain.swift in Sources */ = {isa = PBXBuildFile; fileRef = E527D09F296F046600CF5444 /* PromoCardDomain.swift */; };
		E527D0A2296F0D1700CF5444 /* ScaleButtonEffect.swift in Sources */ = {isa = PBXBuildFile; fileRef = E527D0A1296F0D1700CF5444 /* ScaleButtonEffect.swift */; };
		E527D0A5296F19EA00CF5444 /* PaymentView.swift in Sources */ = {isa = PBXBuildFile; fileRef = E527D0A4296F19EA00CF5444 /* PaymentView.swift */; };
		E527D0AB296F253D00CF5444 /* PaymentDomain.swift in Sources */ = {isa = PBXBuildFile; fileRef = E527D0AA296F253D00CF5444 /* PaymentDomain.swift */; };
		E527D0AD296F25B600CF5444 /* DividerView.swift in Sources */ = {isa = PBXBuildFile; fileRef = E527D0AC296F25B600CF5444 /* DividerView.swift */; };
		E527D0B1296F357F00CF5444 /* PaymentMethodView.swift in Sources */ = {isa = PBXBuildFile; fileRef = E527D0B0296F357F00CF5444 /* PaymentMethodView.swift */; };
		E527D0B3296F35AE00CF5444 /* PaymentMethodDomain.swift in Sources */ = {isa = PBXBuildFile; fileRef = E527D0B2296F35AE00CF5444 /* PaymentMethodDomain.swift */; };
		E527D0B5296F3F1F00CF5444 /* PaymentMethod.swift in Sources */ = {isa = PBXBuildFile; fileRef = E527D0B4296F3F1F00CF5444 /* PaymentMethod.swift */; };
		E53508BF2951F95A008C5887 /* SecureToggleTextFieldDomain.swift in Sources */ = {isa = PBXBuildFile; fileRef = E53508BE2951F95A008C5887 /* SecureToggleTextFieldDomain.swift */; };
		E53508C42952453D008C5887 /* BMButton.swift in Sources */ = {isa = PBXBuildFile; fileRef = E53508C32952453D008C5887 /* BMButton.swift */; };
		E53508C7295251D5008C5887 /* LogInDomain.swift in Sources */ = {isa = PBXBuildFile; fileRef = E53508C6295251D5008C5887 /* LogInDomain.swift */; };
		E5516D24294A701E0026D981 /* TextFieldModifiers.swift in Sources */ = {isa = PBXBuildFile; fileRef = E5516D23294A701E0026D981 /* TextFieldModifiers.swift */; };
		E569ACD02955F93600D9E39E /* RSSwiftNetworking in Frameworks */ = {isa = PBXBuildFile; productRef = E569ACCF2955F93600D9E39E /* RSSwiftNetworking */; };
		E569ACD22955F93600D9E39E /* RSSwiftNetworkingAlamofire in Frameworks */ = {isa = PBXBuildFile; productRef = E569ACD12955F93600D9E39E /* RSSwiftNetworkingAlamofire */; };
		E575D6C5294A132100AB305E /* ComposableArchitecture in Frameworks */ = {isa = PBXBuildFile; productRef = E575D6C4294A132100AB305E /* ComposableArchitecture */; };
		E575D6C7294A132100AB305E /* Dependencies in Frameworks */ = {isa = PBXBuildFile; productRef = E575D6C6294A132100AB305E /* Dependencies */; };
		E57BCF4A295340B70089B88A /* LogInCardView.swift in Sources */ = {isa = PBXBuildFile; fileRef = E57BCF49295340B70089B88A /* LogInCardView.swift */; };
		E57CCD2829563EC0003FE6E4 /* SessionProvider.swift in Sources */ = {isa = PBXBuildFile; fileRef = E57CCD2729563EC0003FE6E4 /* SessionProvider.swift */; };
		E57CCD2B29563ED5003FE6E4 /* Session.swift in Sources */ = {isa = PBXBuildFile; fileRef = E57CCD2A29563ED5003FE6E4 /* Session.swift */; };
		E57CCD2D29563FFB003FE6E4 /* Dictionary+extension.swift in Sources */ = {isa = PBXBuildFile; fileRef = E57CCD2C29563FFB003FE6E4 /* Dictionary+extension.swift */; };
		E57CCD3029564028003FE6E4 /* SessionManager.swift in Sources */ = {isa = PBXBuildFile; fileRef = E57CCD2F29564028003FE6E4 /* SessionManager.swift */; };
		E57CCD33295641DE003FE6E4 /* AuthService.swift in Sources */ = {isa = PBXBuildFile; fileRef = E57CCD32295641DE003FE6E4 /* AuthService.swift */; };
		E57CCD35295642B1003FE6E4 /* AuthEndpoint.swift in Sources */ = {isa = PBXBuildFile; fileRef = E57CCD34295642B1003FE6E4 /* AuthEndpoint.swift */; };
		E57CCD3729564393003FE6E4 /* User.swift in Sources */ = {isa = PBXBuildFile; fileRef = E57CCD3629564393003FE6E4 /* User.swift */; };
		E57CCD39295644B1003FE6E4 /* UserDataManager.swift in Sources */ = {isa = PBXBuildFile; fileRef = E57CCD38295644B1003FE6E4 /* UserDataManager.swift */; };
		E580EC9F295F433E00DEADC1 /* SignUpCardView.swift in Sources */ = {isa = PBXBuildFile; fileRef = E580EC9E295F433E00DEADC1 /* SignUpCardView.swift */; };
		E580ECA3295F6B9500DEADC1 /* LoaderPresenterModifier.swift in Sources */ = {isa = PBXBuildFile; fileRef = E580ECA2295F6B9500DEADC1 /* LoaderPresenterModifier.swift */; };
		E580ECA5295F6BB200DEADC1 /* LoaderView.swift in Sources */ = {isa = PBXBuildFile; fileRef = E580ECA4295F6BB200DEADC1 /* LoaderView.swift */; };
		E5914829295B83A800F6ED86 /* GenericResponse.swift in Sources */ = {isa = PBXBuildFile; fileRef = E5914828295B83A800F6ED86 /* GenericResponse.swift */; };
		E5CB6D8F296DA214003F16BF /* ProductsView.swift in Sources */ = {isa = PBXBuildFile; fileRef = E5CB6D8E296DA214003F16BF /* ProductsView.swift */; };
		E5CB6D93296DA232003F16BF /* ProductCardView.swift in Sources */ = {isa = PBXBuildFile; fileRef = E5CB6D92296DA232003F16BF /* ProductCardView.swift */; };
		E5CB6D95296DB8E3003F16BF /* ProductCardDomain.swift in Sources */ = {isa = PBXBuildFile; fileRef = E5CB6D94296DB8E3003F16BF /* ProductCardDomain.swift */; };
		E5CB6D97296DE645003F16BF /* ProductsDomain.swift in Sources */ = {isa = PBXBuildFile; fileRef = E5CB6D96296DE645003F16BF /* ProductsDomain.swift */; };
		E5CB6D99296DE6CF003F16BF /* Product.swift in Sources */ = {isa = PBXBuildFile; fileRef = E5CB6D98296DE6CF003F16BF /* Product.swift */; };
		E5CB6D9B296DE73F003F16BF /* ProductState.swift in Sources */ = {isa = PBXBuildFile; fileRef = E5CB6D9A296DE73F003F16BF /* ProductState.swift */; };
		E5CB6D9D296E09FE003F16BF /* ProductsServiceMock.swift in Sources */ = {isa = PBXBuildFile; fileRef = E5CB6D9C296E09FE003F16BF /* ProductsServiceMock.swift */; };
		E5CD404529684D6400F56653 /* APIClient+extension.swift in Sources */ = {isa = PBXBuildFile; fileRef = E5CD404429684D6400F56653 /* APIClient+extension.swift */; };
		E5D46AF6294B4B9200E392F6 /* View+extension.swift in Sources */ = {isa = PBXBuildFile; fileRef = E5D46AF5294B4B9200E392F6 /* View+extension.swift */; };
		E5D551302959F94D00613ECC /* BMClient.swift in Sources */ = {isa = PBXBuildFile; fileRef = E5D5512F2959F94D00613ECC /* BMClient.swift */; };
		E5E6968E295C758700CCE692 /* AuthServiceMock.swift in Sources */ = {isa = PBXBuildFile; fileRef = E5E6968D295C758700CCE692 /* AuthServiceMock.swift */; };
		E5E69692295C820200CCE692 /* DependencyValues+extension.swift in Sources */ = {isa = PBXBuildFile; fileRef = E5E69691295C820200CCE692 /* DependencyValues+extension.swift */; };
		E5E69694295CC25A00CCE692 /* PromptViewModifier.swift in Sources */ = {isa = PBXBuildFile; fileRef = E5E69693295CC25A00CCE692 /* PromptViewModifier.swift */; };
		E5E7D9A8296C5E2C00BB196F /* DashboardView.swift in Sources */ = {isa = PBXBuildFile; fileRef = E5E7D9A7296C5E2C00BB196F /* DashboardView.swift */; };
		E5E7D9AB296C5E4D00BB196F /* DashboardBarView.swift in Sources */ = {isa = PBXBuildFile; fileRef = E5E7D9AA296C5E4D00BB196F /* DashboardBarView.swift */; };
		E5E7D9AD296C63DD00BB196F /* DashboardButtonView.swift in Sources */ = {isa = PBXBuildFile; fileRef = E5E7D9AC296C63DD00BB196F /* DashboardButtonView.swift */; };
		E5E7D9B0296C67FD00BB196F /* DashboardButtonDomain.swift in Sources */ = {isa = PBXBuildFile; fileRef = E5E7D9AF296C67FD00BB196F /* DashboardButtonDomain.swift */; };
		E5E7D9B3296C6D0B00BB196F /* DashboardBarDomain.swift in Sources */ = {isa = PBXBuildFile; fileRef = E5E7D9B2296C6D0B00BB196F /* DashboardBarDomain.swift */; };
		E5E840E02965B10B004D504E /* AuthView.swift in Sources */ = {isa = PBXBuildFile; fileRef = E5E840DF2965B10B004D504E /* AuthView.swift */; };
		E5E840E22965B125004D504E /* AuthDomain.swift in Sources */ = {isa = PBXBuildFile; fileRef = E5E840E12965B125004D504E /* AuthDomain.swift */; };
		E5E8867B2950915E0096F9FD /* BMTextFieldDomain.swift in Sources */ = {isa = PBXBuildFile; fileRef = E5E8867A2950915E0096F9FD /* BMTextFieldDomain.swift */; };
		E5E8867E295091DF0096F9FD /* SignUpDomain.swift in Sources */ = {isa = PBXBuildFile; fileRef = E5E8867D295091DF0096F9FD /* SignUpDomain.swift */; };
		E5E886802950FF390096F9FD /* Constants.swift in Sources */ = {isa = PBXBuildFile; fileRef = E5E8867F2950FF390096F9FD /* Constants.swift */; };
		E5ED6BE5295E0AEA0099C3CC /* PromptView.swift in Sources */ = {isa = PBXBuildFile; fileRef = E5ED6BE4295E0AEA0099C3CC /* PromptView.swift */; };
		E5ED6BEA295E20C60099C3CC /* PromptModifierDomain.swift in Sources */ = {isa = PBXBuildFile; fileRef = E5ED6BE9295E20C60099C3CC /* PromptModifierDomain.swift */; };
		E5F7CCC0293FB0F0006382F2 /* Assets.swift in Sources */ = {isa = PBXBuildFile; fileRef = E5F7CCBF293FB0F0006382F2 /* Assets.swift */; };
		E5F7CCCA293FB51D006382F2 /* BMTextFieldView.swift in Sources */ = {isa = PBXBuildFile; fileRef = E5F7CCC9293FB51D006382F2 /* BMTextFieldView.swift */; };
		E5F7CCCD293FB643006382F2 /* Validatable+String.swift in Sources */ = {isa = PBXBuildFile; fileRef = E5F7CCCC293FB643006382F2 /* Validatable+String.swift */; };
/* End PBXBuildFile section */

/* Begin PBXFileReference section */
		E507FB43296753CA006BDFA8 /* BMHTTPHeaders.swift */ = {isa = PBXFileReference; lastKnownFileType = sourcecode.swift; path = BMHTTPHeaders.swift; sourceTree = "<group>"; };
		E50E7564293F83F90021722B /* BlackMarket.app */ = {isa = PBXFileReference; explicitFileType = wrapper.application; includeInIndex = 0; path = BlackMarket.app; sourceTree = BUILT_PRODUCTS_DIR; };
		E50E7567293F83F90021722B /* BlackMarketApp.swift */ = {isa = PBXFileReference; lastKnownFileType = sourcecode.swift; path = BlackMarketApp.swift; sourceTree = "<group>"; };
		E50E756B293F83FA0021722B /* Assets.xcassets */ = {isa = PBXFileReference; lastKnownFileType = folder.assetcatalog; path = Assets.xcassets; sourceTree = "<group>"; };
		E50E756E293F83FA0021722B /* Preview Assets.xcassets */ = {isa = PBXFileReference; lastKnownFileType = folder.assetcatalog; path = "Preview Assets.xcassets"; sourceTree = "<group>"; };
		E51AA7C72940BF7C00D13F1C /* SecureToggleTextFieldView.swift */ = {isa = PBXFileReference; lastKnownFileType = sourcecode.swift; path = SecureToggleTextFieldView.swift; sourceTree = "<group>"; };
		E51AA7CA2940C36000D13F1C /* ButtonViewModifier.swift */ = {isa = PBXFileReference; lastKnownFileType = sourcecode.swift; path = ButtonViewModifier.swift; sourceTree = "<group>"; };
		E51AA7D02940C93500D13F1C /* UIConstants.swift */ = {isa = PBXFileReference; lastKnownFileType = sourcecode.swift; path = UIConstants.swift; sourceTree = "<group>"; };
		E51AA7D22940CF3200D13F1C /* Colors.swift */ = {isa = PBXFileReference; lastKnownFileType = sourcecode.swift; path = Colors.swift; sourceTree = "<group>"; };
		E51AA7D42940CFF700D13F1C /* Colors.xcassets */ = {isa = PBXFileReference; lastKnownFileType = folder.assetcatalog; path = Colors.xcassets; sourceTree = "<group>"; };
		E51AA7D829410F0300D13F1C /* Localizable.strings */ = {isa = PBXFileReference; lastKnownFileType = text.plist.strings; path = Localizable.strings; sourceTree = "<group>"; };
		E51AA7DB29410F2B00D13F1C /* String+extension.swift */ = {isa = PBXFileReference; lastKnownFileType = sourcecode.swift; path = "String+extension.swift"; sourceTree = "<group>"; };
		E51AA7DF294112C700D13F1C /* LocalizedString.swift */ = {isa = PBXFileReference; lastKnownFileType = sourcecode.swift; path = LocalizedString.swift; sourceTree = "<group>"; };
		E5210A73296C934200AA4AFA /* SearchBarView.swift */ = {isa = PBXFileReference; lastKnownFileType = sourcecode.swift; path = SearchBarView.swift; sourceTree = "<group>"; };
		E5210A75296CA2CD00AA4AFA /* SearchBarDomain.swift */ = {isa = PBXFileReference; lastKnownFileType = sourcecode.swift; path = SearchBarDomain.swift; sourceTree = "<group>"; };
		E5210A77296CAF4D00AA4AFA /* DashboardDomain.swift */ = {isa = PBXFileReference; lastKnownFileType = sourcecode.swift; path = DashboardDomain.swift; sourceTree = "<group>"; };
		E527D09D296EFBE200CF5444 /* PromoCardView.swift */ = {isa = PBXFileReference; lastKnownFileType = sourcecode.swift; path = PromoCardView.swift; sourceTree = "<group>"; };
		E527D09F296F046600CF5444 /* PromoCardDomain.swift */ = {isa = PBXFileReference; lastKnownFileType = sourcecode.swift; path = PromoCardDomain.swift; sourceTree = "<group>"; };
		E527D0A1296F0D1700CF5444 /* ScaleButtonEffect.swift */ = {isa = PBXFileReference; lastKnownFileType = sourcecode.swift; path = ScaleButtonEffect.swift; sourceTree = "<group>"; };
		E527D0A4296F19EA00CF5444 /* PaymentView.swift */ = {isa = PBXFileReference; lastKnownFileType = sourcecode.swift; path = PaymentView.swift; sourceTree = "<group>"; };
		E527D0AA296F253D00CF5444 /* PaymentDomain.swift */ = {isa = PBXFileReference; lastKnownFileType = sourcecode.swift; path = PaymentDomain.swift; sourceTree = "<group>"; };
		E527D0AC296F25B600CF5444 /* DividerView.swift */ = {isa = PBXFileReference; lastKnownFileType = sourcecode.swift; path = DividerView.swift; sourceTree = "<group>"; };
		E527D0B0296F357F00CF5444 /* PaymentMethodView.swift */ = {isa = PBXFileReference; lastKnownFileType = sourcecode.swift; path = PaymentMethodView.swift; sourceTree = "<group>"; };
		E527D0B2296F35AE00CF5444 /* PaymentMethodDomain.swift */ = {isa = PBXFileReference; lastKnownFileType = sourcecode.swift; path = PaymentMethodDomain.swift; sourceTree = "<group>"; };
		E527D0B4296F3F1F00CF5444 /* PaymentMethod.swift */ = {isa = PBXFileReference; lastKnownFileType = sourcecode.swift; path = PaymentMethod.swift; sourceTree = "<group>"; };
		E53508BE2951F95A008C5887 /* SecureToggleTextFieldDomain.swift */ = {isa = PBXFileReference; lastKnownFileType = sourcecode.swift; path = SecureToggleTextFieldDomain.swift; sourceTree = "<group>"; };
		E53508C32952453D008C5887 /* BMButton.swift */ = {isa = PBXFileReference; lastKnownFileType = sourcecode.swift; path = BMButton.swift; sourceTree = "<group>"; };
		E53508C6295251D5008C5887 /* LogInDomain.swift */ = {isa = PBXFileReference; lastKnownFileType = sourcecode.swift; path = LogInDomain.swift; sourceTree = "<group>"; };
		E5516D23294A701E0026D981 /* TextFieldModifiers.swift */ = {isa = PBXFileReference; lastKnownFileType = sourcecode.swift; path = TextFieldModifiers.swift; sourceTree = "<group>"; };
		E57BCF49295340B70089B88A /* LogInCardView.swift */ = {isa = PBXFileReference; lastKnownFileType = sourcecode.swift; path = LogInCardView.swift; sourceTree = "<group>"; };
		E57CCD2729563EC0003FE6E4 /* SessionProvider.swift */ = {isa = PBXFileReference; lastKnownFileType = sourcecode.swift; path = SessionProvider.swift; sourceTree = "<group>"; };
		E57CCD2A29563ED5003FE6E4 /* Session.swift */ = {isa = PBXFileReference; lastKnownFileType = sourcecode.swift; path = Session.swift; sourceTree = "<group>"; };
		E57CCD2C29563FFB003FE6E4 /* Dictionary+extension.swift */ = {isa = PBXFileReference; lastKnownFileType = sourcecode.swift; path = "Dictionary+extension.swift"; sourceTree = "<group>"; };
		E57CCD2F29564028003FE6E4 /* SessionManager.swift */ = {isa = PBXFileReference; lastKnownFileType = sourcecode.swift; path = SessionManager.swift; sourceTree = "<group>"; };
		E57CCD32295641DE003FE6E4 /* AuthService.swift */ = {isa = PBXFileReference; lastKnownFileType = sourcecode.swift; path = AuthService.swift; sourceTree = "<group>"; };
		E57CCD34295642B1003FE6E4 /* AuthEndpoint.swift */ = {isa = PBXFileReference; lastKnownFileType = sourcecode.swift; path = AuthEndpoint.swift; sourceTree = "<group>"; };
		E57CCD3629564393003FE6E4 /* User.swift */ = {isa = PBXFileReference; lastKnownFileType = sourcecode.swift; path = User.swift; sourceTree = "<group>"; };
		E57CCD38295644B1003FE6E4 /* UserDataManager.swift */ = {isa = PBXFileReference; lastKnownFileType = sourcecode.swift; path = UserDataManager.swift; sourceTree = "<group>"; };
		E580EC9E295F433E00DEADC1 /* SignUpCardView.swift */ = {isa = PBXFileReference; lastKnownFileType = sourcecode.swift; path = SignUpCardView.swift; sourceTree = "<group>"; };
		E580ECA2295F6B9500DEADC1 /* LoaderPresenterModifier.swift */ = {isa = PBXFileReference; lastKnownFileType = sourcecode.swift; path = LoaderPresenterModifier.swift; sourceTree = "<group>"; };
		E580ECA4295F6BB200DEADC1 /* LoaderView.swift */ = {isa = PBXFileReference; lastKnownFileType = sourcecode.swift; path = LoaderView.swift; sourceTree = "<group>"; };
		E5914824295B6EEC00F6ED86 /* info.plist */ = {isa = PBXFileReference; lastKnownFileType = text.plist.xml; path = info.plist; sourceTree = "<group>"; };
		E5914828295B83A800F6ED86 /* GenericResponse.swift */ = {isa = PBXFileReference; lastKnownFileType = sourcecode.swift; path = GenericResponse.swift; sourceTree = "<group>"; };
		E5CB6D8E296DA214003F16BF /* ProductsView.swift */ = {isa = PBXFileReference; lastKnownFileType = sourcecode.swift; path = ProductsView.swift; sourceTree = "<group>"; };
		E5CB6D92296DA232003F16BF /* ProductCardView.swift */ = {isa = PBXFileReference; lastKnownFileType = sourcecode.swift; path = ProductCardView.swift; sourceTree = "<group>"; };
		E5CB6D94296DB8E3003F16BF /* ProductCardDomain.swift */ = {isa = PBXFileReference; lastKnownFileType = sourcecode.swift; path = ProductCardDomain.swift; sourceTree = "<group>"; };
		E5CB6D96296DE645003F16BF /* ProductsDomain.swift */ = {isa = PBXFileReference; lastKnownFileType = sourcecode.swift; path = ProductsDomain.swift; sourceTree = "<group>"; };
		E5CB6D98296DE6CF003F16BF /* Product.swift */ = {isa = PBXFileReference; lastKnownFileType = sourcecode.swift; path = Product.swift; sourceTree = "<group>"; };
		E5CB6D9A296DE73F003F16BF /* ProductState.swift */ = {isa = PBXFileReference; lastKnownFileType = sourcecode.swift; path = ProductState.swift; sourceTree = "<group>"; };
		E5CB6D9C296E09FE003F16BF /* ProductsServiceMock.swift */ = {isa = PBXFileReference; lastKnownFileType = sourcecode.swift; path = ProductsServiceMock.swift; sourceTree = "<group>"; };
		E5CD404429684D6400F56653 /* APIClient+extension.swift */ = {isa = PBXFileReference; lastKnownFileType = sourcecode.swift; path = "APIClient+extension.swift"; sourceTree = "<group>"; };
		E5D46AF5294B4B9200E392F6 /* View+extension.swift */ = {isa = PBXFileReference; lastKnownFileType = sourcecode.swift; path = "View+extension.swift"; sourceTree = "<group>"; };
		E5D5512F2959F94D00613ECC /* BMClient.swift */ = {isa = PBXFileReference; lastKnownFileType = sourcecode.swift; path = BMClient.swift; sourceTree = "<group>"; };
		E5E6968D295C758700CCE692 /* AuthServiceMock.swift */ = {isa = PBXFileReference; lastKnownFileType = sourcecode.swift; path = AuthServiceMock.swift; sourceTree = "<group>"; };
		E5E69691295C820200CCE692 /* DependencyValues+extension.swift */ = {isa = PBXFileReference; lastKnownFileType = sourcecode.swift; path = "DependencyValues+extension.swift"; sourceTree = "<group>"; };
		E5E69693295CC25A00CCE692 /* PromptViewModifier.swift */ = {isa = PBXFileReference; lastKnownFileType = sourcecode.swift; path = PromptViewModifier.swift; sourceTree = "<group>"; };
		E5E7D9A7296C5E2C00BB196F /* DashboardView.swift */ = {isa = PBXFileReference; lastKnownFileType = sourcecode.swift; path = DashboardView.swift; sourceTree = "<group>"; };
		E5E7D9AA296C5E4D00BB196F /* DashboardBarView.swift */ = {isa = PBXFileReference; lastKnownFileType = sourcecode.swift; path = DashboardBarView.swift; sourceTree = "<group>"; };
		E5E7D9AC296C63DD00BB196F /* DashboardButtonView.swift */ = {isa = PBXFileReference; lastKnownFileType = sourcecode.swift; path = DashboardButtonView.swift; sourceTree = "<group>"; };
		E5E7D9AF296C67FD00BB196F /* DashboardButtonDomain.swift */ = {isa = PBXFileReference; lastKnownFileType = sourcecode.swift; path = DashboardButtonDomain.swift; sourceTree = "<group>"; };
		E5E7D9B2296C6D0B00BB196F /* DashboardBarDomain.swift */ = {isa = PBXFileReference; lastKnownFileType = sourcecode.swift; path = DashboardBarDomain.swift; sourceTree = "<group>"; };
		E5E840DF2965B10B004D504E /* AuthView.swift */ = {isa = PBXFileReference; lastKnownFileType = sourcecode.swift; path = AuthView.swift; sourceTree = "<group>"; };
		E5E840E12965B125004D504E /* AuthDomain.swift */ = {isa = PBXFileReference; lastKnownFileType = sourcecode.swift; path = AuthDomain.swift; sourceTree = "<group>"; };
		E5E8867A2950915E0096F9FD /* BMTextFieldDomain.swift */ = {isa = PBXFileReference; lastKnownFileType = sourcecode.swift; path = BMTextFieldDomain.swift; sourceTree = "<group>"; };
		E5E8867D295091DF0096F9FD /* SignUpDomain.swift */ = {isa = PBXFileReference; lastKnownFileType = sourcecode.swift; path = SignUpDomain.swift; sourceTree = "<group>"; };
		E5E8867F2950FF390096F9FD /* Constants.swift */ = {isa = PBXFileReference; lastKnownFileType = sourcecode.swift; path = Constants.swift; sourceTree = "<group>"; };
		E5ED6BE4295E0AEA0099C3CC /* PromptView.swift */ = {isa = PBXFileReference; lastKnownFileType = sourcecode.swift; path = PromptView.swift; sourceTree = "<group>"; };
		E5ED6BE9295E20C60099C3CC /* PromptModifierDomain.swift */ = {isa = PBXFileReference; lastKnownFileType = sourcecode.swift; path = PromptModifierDomain.swift; sourceTree = "<group>"; };
		E5F7CCBF293FB0F0006382F2 /* Assets.swift */ = {isa = PBXFileReference; lastKnownFileType = sourcecode.swift; path = Assets.swift; sourceTree = "<group>"; };
		E5F7CCC9293FB51D006382F2 /* BMTextFieldView.swift */ = {isa = PBXFileReference; lastKnownFileType = sourcecode.swift; path = BMTextFieldView.swift; sourceTree = "<group>"; };
		E5F7CCCC293FB643006382F2 /* Validatable+String.swift */ = {isa = PBXFileReference; lastKnownFileType = sourcecode.swift; path = "Validatable+String.swift"; sourceTree = "<group>"; };
/* End PBXFileReference section */

/* Begin PBXFrameworksBuildPhase section */
		E50E7561293F83F90021722B /* Frameworks */ = {
			isa = PBXFrameworksBuildPhase;
			buildActionMask = 2147483647;
			files = (
				E569ACD22955F93600D9E39E /* RSSwiftNetworkingAlamofire in Frameworks */,
				E569ACD02955F93600D9E39E /* RSSwiftNetworking in Frameworks */,
				E575D6C5294A132100AB305E /* ComposableArchitecture in Frameworks */,
				E575D6C7294A132100AB305E /* Dependencies in Frameworks */,
			);
			runOnlyForDeploymentPostprocessing = 0;
		};
/* End PBXFrameworksBuildPhase section */

/* Begin PBXGroup section */
		E50E755B293F83F90021722B = {
			isa = PBXGroup;
			children = (
				E50E7566293F83F90021722B /* BlackMarket */,
				E50E7565293F83F90021722B /* Products */,
			);
			sourceTree = "<group>";
		};
		E50E7565293F83F90021722B /* Products */ = {
			isa = PBXGroup;
			children = (
				E50E7564293F83F90021722B /* BlackMarket.app */,
			);
			name = Products;
			sourceTree = "<group>";
		};
		E50E7566293F83F90021722B /* BlackMarket */ = {
			isa = PBXGroup;
			children = (
				E5F7CCBE293FAFAF006382F2 /* app */,
				E5F7CCBD293FAF9B006382F2 /* Resources */,
				E50E756D293F83FA0021722B /* Preview Content */,
				E5914824295B6EEC00F6ED86 /* info.plist */,
			);
			path = BlackMarket;
			sourceTree = "<group>";
		};
		E50E756D293F83FA0021722B /* Preview Content */ = {
			isa = PBXGroup;
			children = (
				E50E756E293F83FA0021722B /* Preview Assets.xcassets */,
			);
			path = "Preview Content";
			sourceTree = "<group>";
		};
		E51AA7CF2940C92C00D13F1C /* Helpers */ = {
			isa = PBXGroup;
			children = (
				E51AA7D02940C93500D13F1C /* UIConstants.swift */,
				E51AA7DF294112C700D13F1C /* LocalizedString.swift */,
				E5E8867F2950FF390096F9FD /* Constants.swift */,
			);
			path = Helpers;
			sourceTree = "<group>";
		};
		E51AA7DA29410F1B00D13F1C /* Extensions */ = {
			isa = PBXGroup;
			children = (
				E51AA7DB29410F2B00D13F1C /* String+extension.swift */,
				E5D46AF5294B4B9200E392F6 /* View+extension.swift */,
				E57CCD2C29563FFB003FE6E4 /* Dictionary+extension.swift */,
				E5E69691295C820200CCE692 /* DependencyValues+extension.swift */,
				E5CD404429684D6400F56653 /* APIClient+extension.swift */,
			);
			path = Extensions;
			sourceTree = "<group>";
		};
		E5210A72296C933200AA4AFA /* SearchBar */ = {
			isa = PBXGroup;
			children = (
				E5210A73296C934200AA4AFA /* SearchBarView.swift */,
				E5210A75296CA2CD00AA4AFA /* SearchBarDomain.swift */,
			);
			path = SearchBar;
			sourceTree = "<group>";
		};
		E527D09C296EFBD300CF5444 /* PromoCard */ = {
			isa = PBXGroup;
			children = (
				E527D09D296EFBE200CF5444 /* PromoCardView.swift */,
				E527D09F296F046600CF5444 /* PromoCardDomain.swift */,
			);
			path = PromoCard;
			sourceTree = "<group>";
		};
		E527D0A3296F16D800CF5444 /* Payment */ = {
			isa = PBXGroup;
			children = (
				E527D0AE296F356A00CF5444 /* Components */,
				E527D0A4296F19EA00CF5444 /* PaymentView.swift */,
				E527D0AA296F253D00CF5444 /* PaymentDomain.swift */,
			);
			path = Payment;
			sourceTree = "<group>";
		};
		E527D0AE296F356A00CF5444 /* Components */ = {
			isa = PBXGroup;
			children = (
				E527D0AF296F357000CF5444 /* PaymentMethod */,
			);
			path = Components;
			sourceTree = "<group>";
		};
		E527D0AF296F357000CF5444 /* PaymentMethod */ = {
			isa = PBXGroup;
			children = (
				E527D0B0296F357F00CF5444 /* PaymentMethodView.swift */,
				E527D0B2296F35AE00CF5444 /* PaymentMethodDomain.swift */,
			);
			path = PaymentMethod;
			sourceTree = "<group>";
		};
		E53508BD2951F930008C5887 /* SecureTextFieldWithReveal */ = {
			isa = PBXGroup;
			children = (
				E53508BE2951F95A008C5887 /* SecureToggleTextFieldDomain.swift */,
				E51AA7C72940BF7C00D13F1C /* SecureToggleTextFieldView.swift */,
			);
			path = SecureTextFieldWithReveal;
			sourceTree = "<group>";
		};
		E53508C0295211A4008C5887 /* LogIn */ = {
			isa = PBXGroup;
			children = (
				E53508C6295251D5008C5887 /* LogInDomain.swift */,
				E57BCF49295340B70089B88A /* LogInCardView.swift */,
			);
			path = LogIn;
			sourceTree = "<group>";
		};
		E53508C5295247F4008C5887 /* Buttons */ = {
			isa = PBXGroup;
			children = (
				E53508C32952453D008C5887 /* BMButton.swift */,
			);
			path = Buttons;
			sourceTree = "<group>";
		};
		E569ACD32955F94100D9E39E /* Networking */ = {
			isa = PBXGroup;
			children = (
				E57CCD2729563EC0003FE6E4 /* SessionProvider.swift */,
				E507FB43296753CA006BDFA8 /* BMHTTPHeaders.swift */,
			);
			path = Networking;
			sourceTree = "<group>";
		};
		E57CCD2929563ECC003FE6E4 /* Model */ = {
			isa = PBXGroup;
			children = (
				E57CCD2A29563ED5003FE6E4 /* Session.swift */,
				E57CCD3629564393003FE6E4 /* User.swift */,
				E5914828295B83A800F6ED86 /* GenericResponse.swift */,
				E5CB6D98296DE6CF003F16BF /* Product.swift */,
				E5CB6D9A296DE73F003F16BF /* ProductState.swift */,
				E527D0B4296F3F1F00CF5444 /* PaymentMethod.swift */,
			);
			path = Model;
			sourceTree = "<group>";
		};
		E57CCD2E2956401D003FE6E4 /* Managers */ = {
			isa = PBXGroup;
			children = (
				E57CCD2F29564028003FE6E4 /* SessionManager.swift */,
				E57CCD38295644B1003FE6E4 /* UserDataManager.swift */,
			);
			path = Managers;
			sourceTree = "<group>";
		};
		E57CCD31295641D4003FE6E4 /* Services */ = {
			isa = PBXGroup;
			children = (
				E57CCD32295641DE003FE6E4 /* AuthService.swift */,
				E57CCD34295642B1003FE6E4 /* AuthEndpoint.swift */,
				E5D5512F2959F94D00613ECC /* BMClient.swift */,
			);
			path = Services;
			sourceTree = "<group>";
		};
		E580ECA1295F6B6500DEADC1 /* Loader */ = {
			isa = PBXGroup;
			children = (
				E580ECA2295F6B9500DEADC1 /* LoaderPresenterModifier.swift */,
				E580ECA4295F6BB200DEADC1 /* LoaderView.swift */,
			);
			path = Loader;
			sourceTree = "<group>";
		};
		E5CB6D8D296DA1F8003F16BF /* Products */ = {
			isa = PBXGroup;
			children = (
				E5CB6D91296DA224003F16BF /* ProductCard */,
				E5CB6D8E296DA214003F16BF /* ProductsView.swift */,
				E5CB6D96296DE645003F16BF /* ProductsDomain.swift */,
			);
			path = Products;
			sourceTree = "<group>";
		};
		E5CB6D91296DA224003F16BF /* ProductCard */ = {
			isa = PBXGroup;
			children = (
				E5CB6D92296DA232003F16BF /* ProductCardView.swift */,
				E5CB6D94296DB8E3003F16BF /* ProductCardDomain.swift */,
			);
			path = ProductCard;
			sourceTree = "<group>";
		};
		E5E6968C295C756E00CCE692 /* Mocks */ = {
			isa = PBXGroup;
			children = (
				E5E6968D295C758700CCE692 /* AuthServiceMock.swift */,
				E5CB6D9C296E09FE003F16BF /* ProductsServiceMock.swift */,
			);
			path = Mocks;
			sourceTree = "<group>";
		};
		E5E7D9A6296C5E2000BB196F /* Dashboard */ = {
			isa = PBXGroup;
			children = (
				E5E7D9A9296C5E3900BB196F /* Components */,
				E5E7D9A7296C5E2C00BB196F /* DashboardView.swift */,
				E5210A77296CAF4D00AA4AFA /* DashboardDomain.swift */,
			);
			path = Dashboard;
			sourceTree = "<group>";
		};
		E5E7D9A9296C5E3900BB196F /* Components */ = {
			isa = PBXGroup;
			children = (
				E527D0A3296F16D800CF5444 /* Payment */,
				E527D09C296EFBD300CF5444 /* PromoCard */,
				E5CB6D8D296DA1F8003F16BF /* Products */,
				E5210A72296C933200AA4AFA /* SearchBar */,
				E5E7D9B1296C6CFD00BB196F /* DashboardBar */,
				E5E7D9AE296C67EC00BB196F /* DashboardBarButton */,
			);
			path = Components;
			sourceTree = "<group>";
		};
		E5E7D9AE296C67EC00BB196F /* DashboardBarButton */ = {
			isa = PBXGroup;
			children = (
				E5E7D9AC296C63DD00BB196F /* DashboardButtonView.swift */,
				E5E7D9AF296C67FD00BB196F /* DashboardButtonDomain.swift */,
			);
			path = DashboardBarButton;
			sourceTree = "<group>";
		};
		E5E7D9B1296C6CFD00BB196F /* DashboardBar */ = {
			isa = PBXGroup;
			children = (
				E5E7D9AA296C5E4D00BB196F /* DashboardBarView.swift */,
				E5E7D9B2296C6D0B00BB196F /* DashboardBarDomain.swift */,
			);
			path = DashboardBar;
			sourceTree = "<group>";
		};
		E5E840DD2965B0E9004D504E /* Screens */ = {
			isa = PBXGroup;
			children = (
				E5E7D9A6296C5E2000BB196F /* Dashboard */,
				E5E840DE2965B0FA004D504E /* Auth */,
				E5F7CCC5293FB4D9006382F2 /* SignUp */,
				E53508C0295211A4008C5887 /* LogIn */,
			);
			path = Screens;
			sourceTree = "<group>";
		};
		E5E840DE2965B0FA004D504E /* Auth */ = {
			isa = PBXGroup;
			children = (
				E5E840DF2965B10B004D504E /* AuthView.swift */,
				E5E840E12965B125004D504E /* AuthDomain.swift */,
			);
			path = Auth;
			sourceTree = "<group>";
		};
		E5E886792950914C0096F9FD /* BMTextField */ = {
			isa = PBXGroup;
			children = (
				E5E8867A2950915E0096F9FD /* BMTextFieldDomain.swift */,
				E5F7CCC9293FB51D006382F2 /* BMTextFieldView.swift */,
			);
			path = BMTextField;
			sourceTree = "<group>";
		};
		E5E8867C295091B80096F9FD /* Modifiers */ = {
			isa = PBXGroup;
			children = (
				E580ECA1295F6B6500DEADC1 /* Loader */,
				E5ED6BE8295E20B80099C3CC /* PromptModifier */,
				E51AA7CA2940C36000D13F1C /* ButtonViewModifier.swift */,
				E5516D23294A701E0026D981 /* TextFieldModifiers.swift */,
				E527D0A1296F0D1700CF5444 /* ScaleButtonEffect.swift */,
			);
			path = Modifiers;
			sourceTree = "<group>";
		};
		E5ED6BE3295E0ADF0099C3CC /* PromptView */ = {
			isa = PBXGroup;
			children = (
				E5ED6BE4295E0AEA0099C3CC /* PromptView.swift */,
			);
			path = PromptView;
			sourceTree = "<group>";
		};
		E5ED6BE8295E20B80099C3CC /* PromptModifier */ = {
			isa = PBXGroup;
			children = (
				E5ED6BE9295E20C60099C3CC /* PromptModifierDomain.swift */,
				E5E69693295CC25A00CCE692 /* PromptViewModifier.swift */,
			);
			path = PromptModifier;
			sourceTree = "<group>";
		};
		E5F7CCBD293FAF9B006382F2 /* Resources */ = {
			isa = PBXGroup;
			children = (
				E50E756B293F83FA0021722B /* Assets.xcassets */,
				E5F7CCBF293FB0F0006382F2 /* Assets.swift */,
				E51AA7D22940CF3200D13F1C /* Colors.swift */,
				E51AA7D42940CFF700D13F1C /* Colors.xcassets */,
				E51AA7D829410F0300D13F1C /* Localizable.strings */,
			);
			path = Resources;
			sourceTree = "<group>";
		};
		E5F7CCBE293FAFAF006382F2 /* app */ = {
			isa = PBXGroup;
			children = (
				E5E6968C295C756E00CCE692 /* Mocks */,
				E57CCD31295641D4003FE6E4 /* Services */,
				E57CCD2E2956401D003FE6E4 /* Managers */,
				E57CCD2929563ECC003FE6E4 /* Model */,
				E569ACD32955F94100D9E39E /* Networking */,
				E5E8867C295091B80096F9FD /* Modifiers */,
				E51AA7DA29410F1B00D13F1C /* Extensions */,
				E51AA7CF2940C92C00D13F1C /* Helpers */,
				E5F7CCCB293FB634006382F2 /* Protocols */,
				E5F7CCC8293FB508006382F2 /* Components */,
				E5E840DD2965B0E9004D504E /* Screens */,
				E50E7567293F83F90021722B /* BlackMarketApp.swift */,
			);
			path = app;
			sourceTree = "<group>";
		};
		E5F7CCC5293FB4D9006382F2 /* SignUp */ = {
			isa = PBXGroup;
			children = (
				E5E8867D295091DF0096F9FD /* SignUpDomain.swift */,
				E580EC9E295F433E00DEADC1 /* SignUpCardView.swift */,
			);
			path = SignUp;
			sourceTree = "<group>";
		};
		E5F7CCC8293FB508006382F2 /* Components */ = {
			isa = PBXGroup;
			children = (
				E5ED6BE3295E0ADF0099C3CC /* PromptView */,
				E53508C5295247F4008C5887 /* Buttons */,
				E53508BD2951F930008C5887 /* SecureTextFieldWithReveal */,
				E5E886792950914C0096F9FD /* BMTextField */,
				E527D0AC296F25B600CF5444 /* DividerView.swift */,
			);
			path = Components;
			sourceTree = "<group>";
		};
		E5F7CCCB293FB634006382F2 /* Protocols */ = {
			isa = PBXGroup;
			children = (
				E5F7CCCC293FB643006382F2 /* Validatable+String.swift */,
			);
			path = Protocols;
			sourceTree = "<group>";
		};
/* End PBXGroup section */

/* Begin PBXNativeTarget section */
		E50E7563293F83F90021722B /* BlackMarket */ = {
			isa = PBXNativeTarget;
			buildConfigurationList = E50E7572293F83FA0021722B /* Build configuration list for PBXNativeTarget "BlackMarket" */;
			buildPhases = (
				E50E7560293F83F90021722B /* Sources */,
				E50E7561293F83F90021722B /* Frameworks */,
				E50E7562293F83F90021722B /* Resources */,
			);
			buildRules = (
			);
			dependencies = (
			);
			name = BlackMarket;
			packageProductDependencies = (
				E575D6C4294A132100AB305E /* ComposableArchitecture */,
				E575D6C6294A132100AB305E /* Dependencies */,
				E569ACCF2955F93600D9E39E /* RSSwiftNetworking */,
				E569ACD12955F93600D9E39E /* RSSwiftNetworkingAlamofire */,
			);
			productName = BlackMarket;
			productReference = E50E7564293F83F90021722B /* BlackMarket.app */;
			productType = "com.apple.product-type.application";
		};
/* End PBXNativeTarget section */

/* Begin PBXProject section */
		E50E755C293F83F90021722B /* Project object */ = {
			isa = PBXProject;
			attributes = {
				BuildIndependentTargetsInParallel = 1;
				LastSwiftUpdateCheck = 1410;
				LastUpgradeCheck = 1410;
				TargetAttributes = {
					E50E7563293F83F90021722B = {
						CreatedOnToolsVersion = 14.1;
					};
				};
			};
			buildConfigurationList = E50E755F293F83F90021722B /* Build configuration list for PBXProject "BlackMarket" */;
			compatibilityVersion = "Xcode 14.0";
			developmentRegion = en;
			hasScannedForEncodings = 0;
			knownRegions = (
				en,
				Base,
			);
			mainGroup = E50E755B293F83F90021722B;
			packageReferences = (
				E575D6C3294A132100AB305E /* XCRemoteSwiftPackageReference "swift-composable-architecture" */,
				E569ACCE2955F93600D9E39E /* XCRemoteSwiftPackageReference "RSSwiftNetworking" */,
			);
			productRefGroup = E50E7565293F83F90021722B /* Products */;
			projectDirPath = "";
			projectRoot = "";
			targets = (
				E50E7563293F83F90021722B /* BlackMarket */,
			);
		};
/* End PBXProject section */

/* Begin PBXResourcesBuildPhase section */
		E50E7562293F83F90021722B /* Resources */ = {
			isa = PBXResourcesBuildPhase;
			buildActionMask = 2147483647;
			files = (
				E51AA7D52940CFF700D13F1C /* Colors.xcassets in Resources */,
				E51AA7D929410F0300D13F1C /* Localizable.strings in Resources */,
				E50E756F293F83FA0021722B /* Preview Assets.xcassets in Resources */,
				E50E756C293F83FA0021722B /* Assets.xcassets in Resources */,
			);
			runOnlyForDeploymentPostprocessing = 0;
		};
/* End PBXResourcesBuildPhase section */

/* Begin PBXSourcesBuildPhase section */
		E50E7560293F83F90021722B /* Sources */ = {
			isa = PBXSourcesBuildPhase;
			buildActionMask = 2147483647;
			files = (
				E5E7D9B0296C67FD00BB196F /* DashboardButtonDomain.swift in Sources */,
				E57CCD39295644B1003FE6E4 /* UserDataManager.swift in Sources */,
				E5E886802950FF390096F9FD /* Constants.swift in Sources */,
				E527D0A0296F046600CF5444 /* PromoCardDomain.swift in Sources */,
				E57CCD35295642B1003FE6E4 /* AuthEndpoint.swift in Sources */,
				E5E7D9AD296C63DD00BB196F /* DashboardButtonView.swift in Sources */,
				E527D0AB296F253D00CF5444 /* PaymentDomain.swift in Sources */,
				E5ED6BE5295E0AEA0099C3CC /* PromptView.swift in Sources */,
				E5CB6D9B296DE73F003F16BF /* ProductState.swift in Sources */,
				E5E7D9B3296C6D0B00BB196F /* DashboardBarDomain.swift in Sources */,
				E5210A74296C934200AA4AFA /* SearchBarView.swift in Sources */,
				E527D0B3296F35AE00CF5444 /* PaymentMethodDomain.swift in Sources */,
				E51AA7D32940CF3200D13F1C /* Colors.swift in Sources */,
				E5E840E22965B125004D504E /* AuthDomain.swift in Sources */,
				E5CB6D9D296E09FE003F16BF /* ProductsServiceMock.swift in Sources */,
				E527D0A5296F19EA00CF5444 /* PaymentView.swift in Sources */,
				E5E7D9AB296C5E4D00BB196F /* DashboardBarView.swift in Sources */,
				E5E8867B2950915E0096F9FD /* BMTextFieldDomain.swift in Sources */,
				E5E69692295C820200CCE692 /* DependencyValues+extension.swift in Sources */,
				E5D551302959F94D00613ECC /* BMClient.swift in Sources */,
				E527D0B1296F357F00CF5444 /* PaymentMethodView.swift in Sources */,
				E53508C42952453D008C5887 /* BMButton.swift in Sources */,
				E5D46AF6294B4B9200E392F6 /* View+extension.swift in Sources */,
				E57CCD3729564393003FE6E4 /* User.swift in Sources */,
				E5CD404529684D6400F56653 /* APIClient+extension.swift in Sources */,
				E57CCD2829563EC0003FE6E4 /* SessionProvider.swift in Sources */,
				E5210A78296CAF4D00AA4AFA /* DashboardDomain.swift in Sources */,
				E5210A76296CA2CD00AA4AFA /* SearchBarDomain.swift in Sources */,
				E51AA7CB2940C36000D13F1C /* ButtonViewModifier.swift in Sources */,
				E5516D24294A701E0026D981 /* TextFieldModifiers.swift in Sources */,
				E57CCD2B29563ED5003FE6E4 /* Session.swift in Sources */,
				E57CCD3029564028003FE6E4 /* SessionManager.swift in Sources */,
				E507FB44296753CA006BDFA8 /* BMHTTPHeaders.swift in Sources */,
				E51AA7E0294112C700D13F1C /* LocalizedString.swift in Sources */,
				E5F7CCCA293FB51D006382F2 /* BMTextFieldView.swift in Sources */,
				E527D09E296EFBE200CF5444 /* PromoCardView.swift in Sources */,
				E53508C7295251D5008C5887 /* LogInDomain.swift in Sources */,
				E53508BF2951F95A008C5887 /* SecureToggleTextFieldDomain.swift in Sources */,
				E5E69694295CC25A00CCE692 /* PromptViewModifier.swift in Sources */,
				E5E840E02965B10B004D504E /* AuthView.swift in Sources */,
				E57BCF4A295340B70089B88A /* LogInCardView.swift in Sources */,
				E5CB6D95296DB8E3003F16BF /* ProductCardDomain.swift in Sources */,
				E50E7568293F83F90021722B /* BlackMarketApp.swift in Sources */,
				E5CB6D8F296DA214003F16BF /* ProductsView.swift in Sources */,
				E5F7CCC0293FB0F0006382F2 /* Assets.swift in Sources */,
				E5ED6BEA295E20C60099C3CC /* PromptModifierDomain.swift in Sources */,
				E5E6968E295C758700CCE692 /* AuthServiceMock.swift in Sources */,
				E51AA7D12940C93500D13F1C /* UIConstants.swift in Sources */,
				E5E7D9A8296C5E2C00BB196F /* DashboardView.swift in Sources */,
				E527D0A2296F0D1700CF5444 /* ScaleButtonEffect.swift in Sources */,
				E580ECA5295F6BB200DEADC1 /* LoaderView.swift in Sources */,
				E57CCD2D29563FFB003FE6E4 /* Dictionary+extension.swift in Sources */,
				E5CB6D97296DE645003F16BF /* ProductsDomain.swift in Sources */,
				E5CB6D93296DA232003F16BF /* ProductCardView.swift in Sources */,
				E51AA7C82940BF7C00D13F1C /* SecureToggleTextFieldView.swift in Sources */,
				E580EC9F295F433E00DEADC1 /* SignUpCardView.swift in Sources */,
				E5CB6D99296DE6CF003F16BF /* Product.swift in Sources */,
				E580ECA3295F6B9500DEADC1 /* LoaderPresenterModifier.swift in Sources */,
				E5E8867E295091DF0096F9FD /* SignUpDomain.swift in Sources */,
				E5914829295B83A800F6ED86 /* GenericResponse.swift in Sources */,
				E527D0AD296F25B600CF5444 /* DividerView.swift in Sources */,
				E5F7CCCD293FB643006382F2 /* Validatable+String.swift in Sources */,
				E51AA7DC29410F2B00D13F1C /* String+extension.swift in Sources */,
				E57CCD33295641DE003FE6E4 /* AuthService.swift in Sources */,
				E527D0B5296F3F1F00CF5444 /* PaymentMethod.swift in Sources */,
			);
			runOnlyForDeploymentPostprocessing = 0;
		};
/* End PBXSourcesBuildPhase section */

/* Begin XCBuildConfiguration section */
		E50E7570293F83FA0021722B /* Debug */ = {
			isa = XCBuildConfiguration;
			buildSettings = {
				ALWAYS_SEARCH_USER_PATHS = NO;
				CLANG_ANALYZER_NONNULL = YES;
				CLANG_ANALYZER_NUMBER_OBJECT_CONVERSION = YES_AGGRESSIVE;
				CLANG_CXX_LANGUAGE_STANDARD = "gnu++20";
				CLANG_ENABLE_MODULES = YES;
				CLANG_ENABLE_OBJC_ARC = YES;
				CLANG_ENABLE_OBJC_WEAK = YES;
				CLANG_WARN_BLOCK_CAPTURE_AUTORELEASING = YES;
				CLANG_WARN_BOOL_CONVERSION = YES;
				CLANG_WARN_COMMA = YES;
				CLANG_WARN_CONSTANT_CONVERSION = YES;
				CLANG_WARN_DEPRECATED_OBJC_IMPLEMENTATIONS = YES;
				CLANG_WARN_DIRECT_OBJC_ISA_USAGE = YES_ERROR;
				CLANG_WARN_DOCUMENTATION_COMMENTS = YES;
				CLANG_WARN_EMPTY_BODY = YES;
				CLANG_WARN_ENUM_CONVERSION = YES;
				CLANG_WARN_INFINITE_RECURSION = YES;
				CLANG_WARN_INT_CONVERSION = YES;
				CLANG_WARN_NON_LITERAL_NULL_CONVERSION = YES;
				CLANG_WARN_OBJC_IMPLICIT_RETAIN_SELF = YES;
				CLANG_WARN_OBJC_LITERAL_CONVERSION = YES;
				CLANG_WARN_OBJC_ROOT_CLASS = YES_ERROR;
				CLANG_WARN_QUOTED_INCLUDE_IN_FRAMEWORK_HEADER = YES;
				CLANG_WARN_RANGE_LOOP_ANALYSIS = YES;
				CLANG_WARN_STRICT_PROTOTYPES = YES;
				CLANG_WARN_SUSPICIOUS_MOVE = YES;
				CLANG_WARN_UNGUARDED_AVAILABILITY = YES_AGGRESSIVE;
				CLANG_WARN_UNREACHABLE_CODE = YES;
				CLANG_WARN__DUPLICATE_METHOD_MATCH = YES;
				COPY_PHASE_STRIP = NO;
				DEBUG_INFORMATION_FORMAT = dwarf;
				ENABLE_STRICT_OBJC_MSGSEND = YES;
				ENABLE_TESTABILITY = YES;
				GCC_C_LANGUAGE_STANDARD = gnu11;
				GCC_DYNAMIC_NO_PIC = NO;
				GCC_NO_COMMON_BLOCKS = YES;
				GCC_OPTIMIZATION_LEVEL = 0;
				GCC_PREPROCESSOR_DEFINITIONS = (
					"DEBUG=1",
					"$(inherited)",
				);
				GCC_WARN_64_TO_32_BIT_CONVERSION = YES;
				GCC_WARN_ABOUT_RETURN_TYPE = YES_ERROR;
				GCC_WARN_UNDECLARED_SELECTOR = YES;
				GCC_WARN_UNINITIALIZED_AUTOS = YES_AGGRESSIVE;
				GCC_WARN_UNUSED_FUNCTION = YES;
				GCC_WARN_UNUSED_VARIABLE = YES;
				GENERATE_INFOPLIST_FILE = YES;
				IPHONEOS_DEPLOYMENT_TARGET = 16.1;
				MTL_ENABLE_DEBUG_INFO = INCLUDE_SOURCE;
				MTL_FAST_MATH = YES;
				ONLY_ACTIVE_ARCH = YES;
				SDKROOT = iphoneos;
				SERVER_URL = "https://black-market-juan-rs.herokuapp.com";
				SWIFT_ACTIVE_COMPILATION_CONDITIONS = DEBUG;
				SWIFT_OPTIMIZATION_LEVEL = "-Onone";
			};
			name = Debug;
		};
		E50E7571293F83FA0021722B /* Release */ = {
			isa = XCBuildConfiguration;
			buildSettings = {
				ALWAYS_SEARCH_USER_PATHS = NO;
				CLANG_ANALYZER_NONNULL = YES;
				CLANG_ANALYZER_NUMBER_OBJECT_CONVERSION = YES_AGGRESSIVE;
				CLANG_CXX_LANGUAGE_STANDARD = "gnu++20";
				CLANG_ENABLE_MODULES = YES;
				CLANG_ENABLE_OBJC_ARC = YES;
				CLANG_ENABLE_OBJC_WEAK = YES;
				CLANG_WARN_BLOCK_CAPTURE_AUTORELEASING = YES;
				CLANG_WARN_BOOL_CONVERSION = YES;
				CLANG_WARN_COMMA = YES;
				CLANG_WARN_CONSTANT_CONVERSION = YES;
				CLANG_WARN_DEPRECATED_OBJC_IMPLEMENTATIONS = YES;
				CLANG_WARN_DIRECT_OBJC_ISA_USAGE = YES_ERROR;
				CLANG_WARN_DOCUMENTATION_COMMENTS = YES;
				CLANG_WARN_EMPTY_BODY = YES;
				CLANG_WARN_ENUM_CONVERSION = YES;
				CLANG_WARN_INFINITE_RECURSION = YES;
				CLANG_WARN_INT_CONVERSION = YES;
				CLANG_WARN_NON_LITERAL_NULL_CONVERSION = YES;
				CLANG_WARN_OBJC_IMPLICIT_RETAIN_SELF = YES;
				CLANG_WARN_OBJC_LITERAL_CONVERSION = YES;
				CLANG_WARN_OBJC_ROOT_CLASS = YES_ERROR;
				CLANG_WARN_QUOTED_INCLUDE_IN_FRAMEWORK_HEADER = YES;
				CLANG_WARN_RANGE_LOOP_ANALYSIS = YES;
				CLANG_WARN_STRICT_PROTOTYPES = YES;
				CLANG_WARN_SUSPICIOUS_MOVE = YES;
				CLANG_WARN_UNGUARDED_AVAILABILITY = YES_AGGRESSIVE;
				CLANG_WARN_UNREACHABLE_CODE = YES;
				CLANG_WARN__DUPLICATE_METHOD_MATCH = YES;
				COPY_PHASE_STRIP = NO;
				DEBUG_INFORMATION_FORMAT = "dwarf-with-dsym";
				ENABLE_NS_ASSERTIONS = NO;
				ENABLE_STRICT_OBJC_MSGSEND = YES;
				GCC_C_LANGUAGE_STANDARD = gnu11;
				GCC_NO_COMMON_BLOCKS = YES;
				GCC_WARN_64_TO_32_BIT_CONVERSION = YES;
				GCC_WARN_ABOUT_RETURN_TYPE = YES_ERROR;
				GCC_WARN_UNDECLARED_SELECTOR = YES;
				GCC_WARN_UNINITIALIZED_AUTOS = YES_AGGRESSIVE;
				GCC_WARN_UNUSED_FUNCTION = YES;
				GCC_WARN_UNUSED_VARIABLE = YES;
				GENERATE_INFOPLIST_FILE = YES;
				IPHONEOS_DEPLOYMENT_TARGET = 16.1;
				MTL_ENABLE_DEBUG_INFO = NO;
				MTL_FAST_MATH = YES;
				SDKROOT = iphoneos;
				SERVER_URL = "https://black-market-juan-rs.herokuapp.com";
				SWIFT_COMPILATION_MODE = wholemodule;
				SWIFT_OPTIMIZATION_LEVEL = "-O";
				VALIDATE_PRODUCT = YES;
			};
			name = Release;
		};
		E50E7573293F83FA0021722B /* Debug */ = {
			isa = XCBuildConfiguration;
			buildSettings = {
				ASSETCATALOG_COMPILER_APPICON_NAME = AppIcon;
				ASSETCATALOG_COMPILER_GLOBAL_ACCENT_COLOR_NAME = AccentColor;
				CODE_SIGN_STYLE = Automatic;
				CURRENT_PROJECT_VERSION = 1;
				DEVELOPMENT_ASSET_PATHS = "\"BlackMarket/Preview Content\"";
				DEVELOPMENT_TEAM = K8RM345779;
				ENABLE_PREVIEWS = YES;
				GENERATE_INFOPLIST_FILE = YES;
				INFOPLIST_FILE = BlackMarket/info.plist;
				INFOPLIST_KEY_CFBundleDisplayName = blackMarket;
				INFOPLIST_KEY_UIApplicationSceneManifest_Generation = YES;
				INFOPLIST_KEY_UIApplicationSupportsIndirectInputEvents = YES;
				INFOPLIST_KEY_UILaunchScreen_Generation = YES;
				INFOPLIST_KEY_UISupportedInterfaceOrientations_iPad = "UIInterfaceOrientationPortrait UIInterfaceOrientationPortraitUpsideDown UIInterfaceOrientationLandscapeLeft UIInterfaceOrientationLandscapeRight";
				INFOPLIST_KEY_UISupportedInterfaceOrientations_iPhone = "UIInterfaceOrientationPortrait UIInterfaceOrientationLandscapeLeft UIInterfaceOrientationLandscapeRight";
				LD_RUNPATH_SEARCH_PATHS = (
					"$(inherited)",
					"@executable_path/Frameworks",
				);
				MARKETING_VERSION = 1.0;
				PRODUCT_BUNDLE_IDENTIFIER = com.rootstrap.BlackMarket;
				PRODUCT_NAME = "$(TARGET_NAME)";
				SERVER_URL = "https://black-market-juan-rs.herokuapp.com";
				SWIFT_EMIT_LOC_STRINGS = YES;
				SWIFT_VERSION = 5.0;
				TARGETED_DEVICE_FAMILY = "1,2";
			};
			name = Debug;
		};
		E50E7574293F83FA0021722B /* Release */ = {
			isa = XCBuildConfiguration;
			buildSettings = {
				ASSETCATALOG_COMPILER_APPICON_NAME = AppIcon;
				ASSETCATALOG_COMPILER_GLOBAL_ACCENT_COLOR_NAME = AccentColor;
				CODE_SIGN_STYLE = Automatic;
				CURRENT_PROJECT_VERSION = 1;
				DEVELOPMENT_ASSET_PATHS = "\"BlackMarket/Preview Content\"";
				DEVELOPMENT_TEAM = K8RM345779;
				ENABLE_PREVIEWS = YES;
				GENERATE_INFOPLIST_FILE = YES;
				INFOPLIST_FILE = BlackMarket/info.plist;
				INFOPLIST_KEY_CFBundleDisplayName = blackMarket;
				INFOPLIST_KEY_UIApplicationSceneManifest_Generation = YES;
				INFOPLIST_KEY_UIApplicationSupportsIndirectInputEvents = YES;
				INFOPLIST_KEY_UILaunchScreen_Generation = YES;
				INFOPLIST_KEY_UISupportedInterfaceOrientations_iPad = "UIInterfaceOrientationPortrait UIInterfaceOrientationPortraitUpsideDown UIInterfaceOrientationLandscapeLeft UIInterfaceOrientationLandscapeRight";
				INFOPLIST_KEY_UISupportedInterfaceOrientations_iPhone = "UIInterfaceOrientationPortrait UIInterfaceOrientationLandscapeLeft UIInterfaceOrientationLandscapeRight";
				LD_RUNPATH_SEARCH_PATHS = (
					"$(inherited)",
					"@executable_path/Frameworks",
				);
				MARKETING_VERSION = 1.0;
				PRODUCT_BUNDLE_IDENTIFIER = com.rootstrap.BlackMarket;
				PRODUCT_NAME = "$(TARGET_NAME)";
				SERVER_URL = "https://black-market-juan-rs.herokuapp.com";
				SWIFT_EMIT_LOC_STRINGS = YES;
				SWIFT_VERSION = 5.0;
				TARGETED_DEVICE_FAMILY = "1,2";
			};
			name = Release;
		};
/* End XCBuildConfiguration section */

/* Begin XCConfigurationList section */
		E50E755F293F83F90021722B /* Build configuration list for PBXProject "BlackMarket" */ = {
			isa = XCConfigurationList;
			buildConfigurations = (
				E50E7570293F83FA0021722B /* Debug */,
				E50E7571293F83FA0021722B /* Release */,
			);
			defaultConfigurationIsVisible = 0;
			defaultConfigurationName = Release;
		};
		E50E7572293F83FA0021722B /* Build configuration list for PBXNativeTarget "BlackMarket" */ = {
			isa = XCConfigurationList;
			buildConfigurations = (
				E50E7573293F83FA0021722B /* Debug */,
				E50E7574293F83FA0021722B /* Release */,
			);
			defaultConfigurationIsVisible = 0;
			defaultConfigurationName = Release;
		};
/* End XCConfigurationList section */

/* Begin XCRemoteSwiftPackageReference section */
		E569ACCE2955F93600D9E39E /* XCRemoteSwiftPackageReference "RSSwiftNetworking" */ = {
			isa = XCRemoteSwiftPackageReference;
			repositoryURL = "https://github.com/rootstrap/RSSwiftNetworking";
			requirement = {
				branch = main;
				kind = branch;
			};
		};
		E575D6C3294A132100AB305E /* XCRemoteSwiftPackageReference "swift-composable-architecture" */ = {
			isa = XCRemoteSwiftPackageReference;
			repositoryURL = "https://github.com/pointfreeco/swift-composable-architecture.git";
			requirement = {
				kind = upToNextMajorVersion;
				minimumVersion = 0.9.0;
			};
		};
/* End XCRemoteSwiftPackageReference section */

/* Begin XCSwiftPackageProductDependency section */
		E569ACCF2955F93600D9E39E /* RSSwiftNetworking */ = {
			isa = XCSwiftPackageProductDependency;
			package = E569ACCE2955F93600D9E39E /* XCRemoteSwiftPackageReference "RSSwiftNetworking" */;
			productName = RSSwiftNetworking;
		};
		E569ACD12955F93600D9E39E /* RSSwiftNetworkingAlamofire */ = {
			isa = XCSwiftPackageProductDependency;
			package = E569ACCE2955F93600D9E39E /* XCRemoteSwiftPackageReference "RSSwiftNetworking" */;
			productName = RSSwiftNetworkingAlamofire;
		};
		E575D6C4294A132100AB305E /* ComposableArchitecture */ = {
			isa = XCSwiftPackageProductDependency;
			package = E575D6C3294A132100AB305E /* XCRemoteSwiftPackageReference "swift-composable-architecture" */;
			productName = ComposableArchitecture;
		};
		E575D6C6294A132100AB305E /* Dependencies */ = {
			isa = XCSwiftPackageProductDependency;
			package = E575D6C3294A132100AB305E /* XCRemoteSwiftPackageReference "swift-composable-architecture" */;
			productName = Dependencies;
		};
/* End XCSwiftPackageProductDependency section */
	};
	rootObject = E50E755C293F83F90021722B /* Project object */;
}
