// !$*UTF8*$!
{
	archiveVersion = 1;
	classes = {
	};
	objectVersion = 56;
	objects = {

/* Begin PBXBuildFile section */
		E50E7568293F83F90021722B /* BlackMarketApp.swift in Sources */ = {isa = PBXBuildFile; fileRef = E50E7567293F83F90021722B /* BlackMarketApp.swift */; };
		E50E756C293F83FA0021722B /* Assets.xcassets in Resources */ = {isa = PBXBuildFile; fileRef = E50E756B293F83FA0021722B /* Assets.xcassets */; };
		E50E756F293F83FA0021722B /* Preview Assets.xcassets in Resources */ = {isa = PBXBuildFile; fileRef = E50E756E293F83FA0021722B /* Preview Assets.xcassets */; };
		E51AA7C82940BF7C00D13F1C /* SecureTextFieldWithReveal.swift in Sources */ = {isa = PBXBuildFile; fileRef = E51AA7C72940BF7C00D13F1C /* SecureTextFieldWithReveal.swift */; };
		E51AA7CB2940C36000D13F1C /* ButtonViewModifier.swift in Sources */ = {isa = PBXBuildFile; fileRef = E51AA7CA2940C36000D13F1C /* ButtonViewModifier.swift */; };
		E51AA7D12940C93500D13F1C /* UIConstants.swift in Sources */ = {isa = PBXBuildFile; fileRef = E51AA7D02940C93500D13F1C /* UIConstants.swift */; };
		E51AA7D32940CF3200D13F1C /* Colors.swift in Sources */ = {isa = PBXBuildFile; fileRef = E51AA7D22940CF3200D13F1C /* Colors.swift */; };
		E51AA7D52940CFF700D13F1C /* Colors.xcassets in Resources */ = {isa = PBXBuildFile; fileRef = E51AA7D42940CFF700D13F1C /* Colors.xcassets */; };
		E51AA7D72940EB7300D13F1C /* BMButton.swift in Sources */ = {isa = PBXBuildFile; fileRef = E51AA7D62940EB7300D13F1C /* BMButton.swift */; };
		E51AA7D929410F0300D13F1C /* Localizable.strings in Resources */ = {isa = PBXBuildFile; fileRef = E51AA7D829410F0300D13F1C /* Localizable.strings */; };
		E51AA7DC29410F2B00D13F1C /* String+extension.swift in Sources */ = {isa = PBXBuildFile; fileRef = E51AA7DB29410F2B00D13F1C /* String+extension.swift */; };
		E51AA7DE29410FB700D13F1C /* Constants.swift in Sources */ = {isa = PBXBuildFile; fileRef = E51AA7DD29410FB700D13F1C /* Constants.swift */; };
		E51AA7E0294112C700D13F1C /* LocalizedString.swift in Sources */ = {isa = PBXBuildFile; fileRef = E51AA7DF294112C700D13F1C /* LocalizedString.swift */; };
		E5516D24294A701E0026D981 /* TextFieldModifiers.swift in Sources */ = {isa = PBXBuildFile; fileRef = E5516D23294A701E0026D981 /* TextFieldModifiers.swift */; };
		E575D6C5294A132100AB305E /* ComposableArchitecture in Frameworks */ = {isa = PBXBuildFile; productRef = E575D6C4294A132100AB305E /* ComposableArchitecture */; };
		E575D6C7294A132100AB305E /* Dependencies in Frameworks */ = {isa = PBXBuildFile; productRef = E575D6C6294A132100AB305E /* Dependencies */; };
		E5D46AF6294B4B9200E392F6 /* View+extension.swift in Sources */ = {isa = PBXBuildFile; fileRef = E5D46AF5294B4B9200E392F6 /* View+extension.swift */; };
		E5F7CCC0293FB0F0006382F2 /* Assets.swift in Sources */ = {isa = PBXBuildFile; fileRef = E5F7CCBF293FB0F0006382F2 /* Assets.swift */; };
		E5F7CCC2293FB139006382F2 /* SignUpView.swift in Sources */ = {isa = PBXBuildFile; fileRef = E5F7CCC1293FB139006382F2 /* SignUpView.swift */; };
		E5F7CCC7293FB4EF006382F2 /* SignUpCardView.swift in Sources */ = {isa = PBXBuildFile; fileRef = E5F7CCC6293FB4EF006382F2 /* SignUpCardView.swift */; };
		E5F7CCCA293FB51D006382F2 /* BMTextFieldView.swift in Sources */ = {isa = PBXBuildFile; fileRef = E5F7CCC9293FB51D006382F2 /* BMTextFieldView.swift */; };
		E5F7CCCD293FB643006382F2 /* Validatable+String.swift in Sources */ = {isa = PBXBuildFile; fileRef = E5F7CCCC293FB643006382F2 /* Validatable+String.swift */; };
/* End PBXBuildFile section */

/* Begin PBXFileReference section */
		E50E7564293F83F90021722B /* BlackMarket.app */ = {isa = PBXFileReference; explicitFileType = wrapper.application; includeInIndex = 0; path = BlackMarket.app; sourceTree = BUILT_PRODUCTS_DIR; };
		E50E7567293F83F90021722B /* BlackMarketApp.swift */ = {isa = PBXFileReference; lastKnownFileType = sourcecode.swift; path = BlackMarketApp.swift; sourceTree = "<group>"; };
		E50E756B293F83FA0021722B /* Assets.xcassets */ = {isa = PBXFileReference; lastKnownFileType = folder.assetcatalog; path = Assets.xcassets; sourceTree = "<group>"; };
		E50E756E293F83FA0021722B /* Preview Assets.xcassets */ = {isa = PBXFileReference; lastKnownFileType = folder.assetcatalog; path = "Preview Assets.xcassets"; sourceTree = "<group>"; };
		E51AA7C72940BF7C00D13F1C /* SecureTextFieldWithReveal.swift */ = {isa = PBXFileReference; lastKnownFileType = sourcecode.swift; path = SecureTextFieldWithReveal.swift; sourceTree = "<group>"; };
		E51AA7CA2940C36000D13F1C /* ButtonViewModifier.swift */ = {isa = PBXFileReference; lastKnownFileType = sourcecode.swift; path = ButtonViewModifier.swift; sourceTree = "<group>"; };
		E51AA7D02940C93500D13F1C /* UIConstants.swift */ = {isa = PBXFileReference; lastKnownFileType = sourcecode.swift; path = UIConstants.swift; sourceTree = "<group>"; };
		E51AA7D22940CF3200D13F1C /* Colors.swift */ = {isa = PBXFileReference; lastKnownFileType = sourcecode.swift; path = Colors.swift; sourceTree = "<group>"; };
		E51AA7D42940CFF700D13F1C /* Colors.xcassets */ = {isa = PBXFileReference; lastKnownFileType = folder.assetcatalog; path = Colors.xcassets; sourceTree = "<group>"; };
		E51AA7D62940EB7300D13F1C /* BMButton.swift */ = {isa = PBXFileReference; lastKnownFileType = sourcecode.swift; path = BMButton.swift; sourceTree = "<group>"; };
		E51AA7D829410F0300D13F1C /* Localizable.strings */ = {isa = PBXFileReference; lastKnownFileType = text.plist.strings; path = Localizable.strings; sourceTree = "<group>"; };
		E51AA7DB29410F2B00D13F1C /* String+extension.swift */ = {isa = PBXFileReference; lastKnownFileType = sourcecode.swift; path = "String+extension.swift"; sourceTree = "<group>"; };
		E51AA7DD29410FB700D13F1C /* Constants.swift */ = {isa = PBXFileReference; lastKnownFileType = sourcecode.swift; path = Constants.swift; sourceTree = "<group>"; };
		E51AA7DF294112C700D13F1C /* LocalizedString.swift */ = {isa = PBXFileReference; lastKnownFileType = sourcecode.swift; path = LocalizedString.swift; sourceTree = "<group>"; };
		E5516D23294A701E0026D981 /* TextFieldModifiers.swift */ = {isa = PBXFileReference; lastKnownFileType = sourcecode.swift; path = TextFieldModifiers.swift; sourceTree = "<group>"; };
		E5D46AF5294B4B9200E392F6 /* View+extension.swift */ = {isa = PBXFileReference; lastKnownFileType = sourcecode.swift; path = "View+extension.swift"; sourceTree = "<group>"; };
		E5F7CCBF293FB0F0006382F2 /* Assets.swift */ = {isa = PBXFileReference; lastKnownFileType = sourcecode.swift; path = Assets.swift; sourceTree = "<group>"; };
		E5F7CCC1293FB139006382F2 /* SignUpView.swift */ = {isa = PBXFileReference; lastKnownFileType = sourcecode.swift; path = SignUpView.swift; sourceTree = "<group>"; };
		E5F7CCC6293FB4EF006382F2 /* SignUpCardView.swift */ = {isa = PBXFileReference; lastKnownFileType = sourcecode.swift; path = SignUpCardView.swift; sourceTree = "<group>"; };
		E5F7CCC9293FB51D006382F2 /* BMTextFieldView.swift */ = {isa = PBXFileReference; lastKnownFileType = sourcecode.swift; path = BMTextFieldView.swift; sourceTree = "<group>"; };
		E5F7CCCC293FB643006382F2 /* Validatable+String.swift */ = {isa = PBXFileReference; lastKnownFileType = sourcecode.swift; path = "Validatable+String.swift"; sourceTree = "<group>"; };
/* End PBXFileReference section */

/* Begin PBXFrameworksBuildPhase section */
		E50E7561293F83F90021722B /* Frameworks */ = {
			isa = PBXFrameworksBuildPhase;
			buildActionMask = 2147483647;
			files = (
				E575D6C5294A132100AB305E /* ComposableArchitecture in Frameworks */,
				E575D6C7294A132100AB305E /* Dependencies in Frameworks */,
			);
			runOnlyForDeploymentPostprocessing = 0;
		};
/* End PBXFrameworksBuildPhase section */

/* Begin PBXGroup section */
		E50E755B293F83F90021722B = {
			isa = PBXGroup;
			children = (
				E50E7566293F83F90021722B /* BlackMarket */,
				E50E7565293F83F90021722B /* Products */,
			);
			sourceTree = "<group>";
		};
		E50E7565293F83F90021722B /* Products */ = {
			isa = PBXGroup;
			children = (
				E50E7564293F83F90021722B /* BlackMarket.app */,
			);
			name = Products;
			sourceTree = "<group>";
		};
		E50E7566293F83F90021722B /* BlackMarket */ = {
			isa = PBXGroup;
			children = (
				E5F7CCBE293FAFAF006382F2 /* app */,
				E5F7CCBD293FAF9B006382F2 /* Resources */,
				E50E756D293F83FA0021722B /* Preview Content */,
			);
			path = BlackMarket;
			sourceTree = "<group>";
		};
		E50E756D293F83FA0021722B /* Preview Content */ = {
			isa = PBXGroup;
			children = (
				E50E756E293F83FA0021722B /* Preview Assets.xcassets */,
			);
			path = "Preview Content";
			sourceTree = "<group>";
		};
		E51AA7C92940C34D00D13F1C /* Buttons */ = {
			isa = PBXGroup;
			children = (
				E51AA7CA2940C36000D13F1C /* ButtonViewModifier.swift */,
				E51AA7D62940EB7300D13F1C /* BMButton.swift */,
			);
			path = Buttons;
			sourceTree = "<group>";
		};
		E51AA7CF2940C92C00D13F1C /* Helpers */ = {
			isa = PBXGroup;
			children = (
				E51AA7D02940C93500D13F1C /* UIConstants.swift */,
				E51AA7DD29410FB700D13F1C /* Constants.swift */,
				E51AA7DF294112C700D13F1C /* LocalizedString.swift */,
			);
			path = Helpers;
			sourceTree = "<group>";
		};
		E51AA7DA29410F1B00D13F1C /* Extensions */ = {
			isa = PBXGroup;
			children = (
				E51AA7DB29410F2B00D13F1C /* String+extension.swift */,
				E5D46AF5294B4B9200E392F6 /* View+extension.swift */,
			);
			path = Extensions;
			sourceTree = "<group>";
		};
		E5F7CCBD293FAF9B006382F2 /* Resources */ = {
			isa = PBXGroup;
			children = (
				E50E756B293F83FA0021722B /* Assets.xcassets */,
				E5F7CCBF293FB0F0006382F2 /* Assets.swift */,
				E51AA7D22940CF3200D13F1C /* Colors.swift */,
				E51AA7D42940CFF700D13F1C /* Colors.xcassets */,
				E51AA7D829410F0300D13F1C /* Localizable.strings */,
			);
			path = Resources;
			sourceTree = "<group>";
		};
		E5F7CCBE293FAFAF006382F2 /* app */ = {
			isa = PBXGroup;
			children = (
				E51AA7DA29410F1B00D13F1C /* Extensions */,
				E51AA7CF2940C92C00D13F1C /* Helpers */,
				E5F7CCCB293FB634006382F2 /* Protocols */,
				E5F7CCC8293FB508006382F2 /* Components */,
				E5F7CCC5293FB4D9006382F2 /* SignUp */,
				E50E7567293F83F90021722B /* BlackMarketApp.swift */,
			);
			path = app;
			sourceTree = "<group>";
		};
		E5F7CCC5293FB4D9006382F2 /* SignUp */ = {
			isa = PBXGroup;
			children = (
				E5F7CCC1293FB139006382F2 /* SignUpView.swift */,
				E5F7CCC6293FB4EF006382F2 /* SignUpCardView.swift */,
			);
			path = SignUp;
			sourceTree = "<group>";
		};
		E5F7CCC8293FB508006382F2 /* Components */ = {
			isa = PBXGroup;
			children = (
				E51AA7C92940C34D00D13F1C /* Buttons */,
				E5F7CCC9293FB51D006382F2 /* BMTextFieldView.swift */,
				E51AA7C72940BF7C00D13F1C /* SecureTextFieldWithReveal.swift */,
				E5516D23294A701E0026D981 /* TextFieldModifiers.swift */,
			);
			path = Components;
			sourceTree = "<group>";
		};
		E5F7CCCB293FB634006382F2 /* Protocols */ = {
			isa = PBXGroup;
			children = (
				E5F7CCCC293FB643006382F2 /* Validatable+String.swift */,
			);
			path = Protocols;
			sourceTree = "<group>";
		};
/* End PBXGroup section */

/* Begin PBXNativeTarget section */
		E50E7563293F83F90021722B /* BlackMarket */ = {
			isa = PBXNativeTarget;
			buildConfigurationList = E50E7572293F83FA0021722B /* Build configuration list for PBXNativeTarget "BlackMarket" */;
			buildPhases = (
				E50E7560293F83F90021722B /* Sources */,
				E50E7561293F83F90021722B /* Frameworks */,
				E50E7562293F83F90021722B /* Resources */,
			);
			buildRules = (
			);
			dependencies = (
			);
			name = BlackMarket;
			packageProductDependencies = (
				E575D6C4294A132100AB305E /* ComposableArchitecture */,
				E575D6C6294A132100AB305E /* Dependencies */,
			);
			productName = BlackMarket;
			productReference = E50E7564293F83F90021722B /* BlackMarket.app */;
			productType = "com.apple.product-type.application";
		};
/* End PBXNativeTarget section */

/* Begin PBXProject section */
		E50E755C293F83F90021722B /* Project object */ = {
			isa = PBXProject;
			attributes = {
				BuildIndependentTargetsInParallel = 1;
				LastSwiftUpdateCheck = 1410;
				LastUpgradeCheck = 1410;
				TargetAttributes = {
					E50E7563293F83F90021722B = {
						CreatedOnToolsVersion = 14.1;
					};
				};
			};
			buildConfigurationList = E50E755F293F83F90021722B /* Build configuration list for PBXProject "BlackMarket" */;
			compatibilityVersion = "Xcode 14.0";
			developmentRegion = en;
			hasScannedForEncodings = 0;
			knownRegions = (
				en,
				Base,
			);
			mainGroup = E50E755B293F83F90021722B;
			packageReferences = (
				E575D6C3294A132100AB305E /* XCRemoteSwiftPackageReference "swift-composable-architecture" */,
			);
			productRefGroup = E50E7565293F83F90021722B /* Products */;
			projectDirPath = "";
			projectRoot = "";
			targets = (
				E50E7563293F83F90021722B /* BlackMarket */,
			);
		};
/* End PBXProject section */

/* Begin PBXResourcesBuildPhase section */
		E50E7562293F83F90021722B /* Resources */ = {
			isa = PBXResourcesBuildPhase;
			buildActionMask = 2147483647;
			files = (
				E51AA7D52940CFF700D13F1C /* Colors.xcassets in Resources */,
				E51AA7D929410F0300D13F1C /* Localizable.strings in Resources */,
				E50E756F293F83FA0021722B /* Preview Assets.xcassets in Resources */,
				E50E756C293F83FA0021722B /* Assets.xcassets in Resources */,
			);
			runOnlyForDeploymentPostprocessing = 0;
		};
/* End PBXResourcesBuildPhase section */

/* Begin PBXSourcesBuildPhase section */
		E50E7560293F83F90021722B /* Sources */ = {
			isa = PBXSourcesBuildPhase;
			buildActionMask = 2147483647;
			files = (
				E5F7CCC2293FB139006382F2 /* SignUpView.swift in Sources */,
				E51AA7D32940CF3200D13F1C /* Colors.swift in Sources */,
				E5D46AF6294B4B9200E392F6 /* View+extension.swift in Sources */,
				E51AA7CB2940C36000D13F1C /* ButtonViewModifier.swift in Sources */,
				E5516D24294A701E0026D981 /* TextFieldModifiers.swift in Sources */,
				E51AA7D72940EB7300D13F1C /* BMButton.swift in Sources */,
				E51AA7E0294112C700D13F1C /* LocalizedString.swift in Sources */,
				E5F7CCCA293FB51D006382F2 /* BMTextFieldView.swift in Sources */,
				E50E7568293F83F90021722B /* BlackMarketApp.swift in Sources */,
				E5F7CCC7293FB4EF006382F2 /* SignUpCardView.swift in Sources */,
				E5F7CCC0293FB0F0006382F2 /* Assets.swift in Sources */,
				E51AA7D12940C93500D13F1C /* UIConstants.swift in Sources */,
				E51AA7C82940BF7C00D13F1C /* SecureTextFieldWithReveal.swift in Sources */,
				E51AA7DE29410FB700D13F1C /* Constants.swift in Sources */,
				E5F7CCCD293FB643006382F2 /* Validatable+String.swift in Sources */,
				E51AA7DC29410F2B00D13F1C /* String+extension.swift in Sources */,
			);
			runOnlyForDeploymentPostprocessing = 0;
		};
/* End PBXSourcesBuildPhase section */

/* Begin XCBuildConfiguration section */
		E50E7570293F83FA0021722B /* Debug */ = {
			isa = XCBuildConfiguration;
			buildSettings = {
				ALWAYS_SEARCH_USER_PATHS = NO;
				CLANG_ANALYZER_NONNULL = YES;
				CLANG_ANALYZER_NUMBER_OBJECT_CONVERSION = YES_AGGRESSIVE;
				CLANG_CXX_LANGUAGE_STANDARD = "gnu++20";
				CLANG_ENABLE_MODULES = YES;
				CLANG_ENABLE_OBJC_ARC = YES;
				CLANG_ENABLE_OBJC_WEAK = YES;
				CLANG_WARN_BLOCK_CAPTURE_AUTORELEASING = YES;
				CLANG_WARN_BOOL_CONVERSION = YES;
				CLANG_WARN_COMMA = YES;
				CLANG_WARN_CONSTANT_CONVERSION = YES;
				CLANG_WARN_DEPRECATED_OBJC_IMPLEMENTATIONS = YES;
				CLANG_WARN_DIRECT_OBJC_ISA_USAGE = YES_ERROR;
				CLANG_WARN_DOCUMENTATION_COMMENTS = YES;
				CLANG_WARN_EMPTY_BODY = YES;
				CLANG_WARN_ENUM_CONVERSION = YES;
				CLANG_WARN_INFINITE_RECURSION = YES;
				CLANG_WARN_INT_CONVERSION = YES;
				CLANG_WARN_NON_LITERAL_NULL_CONVERSION = YES;
				CLANG_WARN_OBJC_IMPLICIT_RETAIN_SELF = YES;
				CLANG_WARN_OBJC_LITERAL_CONVERSION = YES;
				CLANG_WARN_OBJC_ROOT_CLASS = YES_ERROR;
				CLANG_WARN_QUOTED_INCLUDE_IN_FRAMEWORK_HEADER = YES;
				CLANG_WARN_RANGE_LOOP_ANALYSIS = YES;
				CLANG_WARN_STRICT_PROTOTYPES = YES;
				CLANG_WARN_SUSPICIOUS_MOVE = YES;
				CLANG_WARN_UNGUARDED_AVAILABILITY = YES_AGGRESSIVE;
				CLANG_WARN_UNREACHABLE_CODE = YES;
				CLANG_WARN__DUPLICATE_METHOD_MATCH = YES;
				COPY_PHASE_STRIP = NO;
				DEBUG_INFORMATION_FORMAT = dwarf;
				ENABLE_STRICT_OBJC_MSGSEND = YES;
				ENABLE_TESTABILITY = YES;
				GCC_C_LANGUAGE_STANDARD = gnu11;
				GCC_DYNAMIC_NO_PIC = NO;
				GCC_NO_COMMON_BLOCKS = YES;
				GCC_OPTIMIZATION_LEVEL = 0;
				GCC_PREPROCESSOR_DEFINITIONS = (
					"DEBUG=1",
					"$(inherited)",
				);
				GCC_WARN_64_TO_32_BIT_CONVERSION = YES;
				GCC_WARN_ABOUT_RETURN_TYPE = YES_ERROR;
				GCC_WARN_UNDECLARED_SELECTOR = YES;
				GCC_WARN_UNINITIALIZED_AUTOS = YES_AGGRESSIVE;
				GCC_WARN_UNUSED_FUNCTION = YES;
				GCC_WARN_UNUSED_VARIABLE = YES;
				IPHONEOS_DEPLOYMENT_TARGET = 16.1;
				MTL_ENABLE_DEBUG_INFO = INCLUDE_SOURCE;
				MTL_FAST_MATH = YES;
				ONLY_ACTIVE_ARCH = YES;
				SDKROOT = iphoneos;
				SWIFT_ACTIVE_COMPILATION_CONDITIONS = DEBUG;
				SWIFT_OPTIMIZATION_LEVEL = "-Onone";
			};
			name = Debug;
		};
		E50E7571293F83FA0021722B /* Release */ = {
			isa = XCBuildConfiguration;
			buildSettings = {
				ALWAYS_SEARCH_USER_PATHS = NO;
				CLANG_ANALYZER_NONNULL = YES;
				CLANG_ANALYZER_NUMBER_OBJECT_CONVERSION = YES_AGGRESSIVE;
				CLANG_CXX_LANGUAGE_STANDARD = "gnu++20";
				CLANG_ENABLE_MODULES = YES;
				CLANG_ENABLE_OBJC_ARC = YES;
				CLANG_ENABLE_OBJC_WEAK = YES;
				CLANG_WARN_BLOCK_CAPTURE_AUTORELEASING = YES;
				CLANG_WARN_BOOL_CONVERSION = YES;
				CLANG_WARN_COMMA = YES;
				CLANG_WARN_CONSTANT_CONVERSION = YES;
				CLANG_WARN_DEPRECATED_OBJC_IMPLEMENTATIONS = YES;
				CLANG_WARN_DIRECT_OBJC_ISA_USAGE = YES_ERROR;
				CLANG_WARN_DOCUMENTATION_COMMENTS = YES;
				CLANG_WARN_EMPTY_BODY = YES;
				CLANG_WARN_ENUM_CONVERSION = YES;
				CLANG_WARN_INFINITE_RECURSION = YES;
				CLANG_WARN_INT_CONVERSION = YES;
				CLANG_WARN_NON_LITERAL_NULL_CONVERSION = YES;
				CLANG_WARN_OBJC_IMPLICIT_RETAIN_SELF = YES;
				CLANG_WARN_OBJC_LITERAL_CONVERSION = YES;
				CLANG_WARN_OBJC_ROOT_CLASS = YES_ERROR;
				CLANG_WARN_QUOTED_INCLUDE_IN_FRAMEWORK_HEADER = YES;
				CLANG_WARN_RANGE_LOOP_ANALYSIS = YES;
				CLANG_WARN_STRICT_PROTOTYPES = YES;
				CLANG_WARN_SUSPICIOUS_MOVE = YES;
				CLANG_WARN_UNGUARDED_AVAILABILITY = YES_AGGRESSIVE;
				CLANG_WARN_UNREACHABLE_CODE = YES;
				CLANG_WARN__DUPLICATE_METHOD_MATCH = YES;
				COPY_PHASE_STRIP = NO;
				DEBUG_INFORMATION_FORMAT = "dwarf-with-dsym";
				ENABLE_NS_ASSERTIONS = NO;
				ENABLE_STRICT_OBJC_MSGSEND = YES;
				GCC_C_LANGUAGE_STANDARD = gnu11;
				GCC_NO_COMMON_BLOCKS = YES;
				GCC_WARN_64_TO_32_BIT_CONVERSION = YES;
				GCC_WARN_ABOUT_RETURN_TYPE = YES_ERROR;
				GCC_WARN_UNDECLARED_SELECTOR = YES;
				GCC_WARN_UNINITIALIZED_AUTOS = YES_AGGRESSIVE;
				GCC_WARN_UNUSED_FUNCTION = YES;
				GCC_WARN_UNUSED_VARIABLE = YES;
				IPHONEOS_DEPLOYMENT_TARGET = 16.1;
				MTL_ENABLE_DEBUG_INFO = NO;
				MTL_FAST_MATH = YES;
				SDKROOT = iphoneos;
				SWIFT_COMPILATION_MODE = wholemodule;
				SWIFT_OPTIMIZATION_LEVEL = "-O";
				VALIDATE_PRODUCT = YES;
			};
			name = Release;
		};
		E50E7573293F83FA0021722B /* Debug */ = {
			isa = XCBuildConfiguration;
			buildSettings = {
				ASSETCATALOG_COMPILER_APPICON_NAME = AppIcon;
				ASSETCATALOG_COMPILER_GLOBAL_ACCENT_COLOR_NAME = AccentColor;
				CODE_SIGN_STYLE = Automatic;
				CURRENT_PROJECT_VERSION = 1;
				DEVELOPMENT_ASSET_PATHS = "\"BlackMarket/Preview Content\"";
				DEVELOPMENT_TEAM = K8RM345779;
				ENABLE_PREVIEWS = YES;
				GENERATE_INFOPLIST_FILE = YES;
				INFOPLIST_KEY_UIApplicationSceneManifest_Generation = YES;
				INFOPLIST_KEY_UIApplicationSupportsIndirectInputEvents = YES;
				INFOPLIST_KEY_UILaunchScreen_Generation = YES;
				INFOPLIST_KEY_UISupportedInterfaceOrientations_iPad = "UIInterfaceOrientationPortrait UIInterfaceOrientationPortraitUpsideDown UIInterfaceOrientationLandscapeLeft UIInterfaceOrientationLandscapeRight";
				INFOPLIST_KEY_UISupportedInterfaceOrientations_iPhone = "UIInterfaceOrientationPortrait UIInterfaceOrientationLandscapeLeft UIInterfaceOrientationLandscapeRight";
				LD_RUNPATH_SEARCH_PATHS = (
					"$(inherited)",
					"@executable_path/Frameworks",
				);
				MARKETING_VERSION = 1.0;
				PRODUCT_BUNDLE_IDENTIFIER = com.rootstrap.BlackMarket;
				PRODUCT_NAME = "$(TARGET_NAME)";
				SWIFT_EMIT_LOC_STRINGS = YES;
				SWIFT_VERSION = 5.0;
				TARGETED_DEVICE_FAMILY = "1,2";
			};
			name = Debug;
		};
		E50E7574293F83FA0021722B /* Release */ = {
			isa = XCBuildConfiguration;
			buildSettings = {
				ASSETCATALOG_COMPILER_APPICON_NAME = AppIcon;
				ASSETCATALOG_COMPILER_GLOBAL_ACCENT_COLOR_NAME = AccentColor;
				CODE_SIGN_STYLE = Automatic;
				CURRENT_PROJECT_VERSION = 1;
				DEVELOPMENT_ASSET_PATHS = "\"BlackMarket/Preview Content\"";
				DEVELOPMENT_TEAM = K8RM345779;
				ENABLE_PREVIEWS = YES;
				GENERATE_INFOPLIST_FILE = YES;
				INFOPLIST_KEY_UIApplicationSceneManifest_Generation = YES;
				INFOPLIST_KEY_UIApplicationSupportsIndirectInputEvents = YES;
				INFOPLIST_KEY_UILaunchScreen_Generation = YES;
				INFOPLIST_KEY_UISupportedInterfaceOrientations_iPad = "UIInterfaceOrientationPortrait UIInterfaceOrientationPortraitUpsideDown UIInterfaceOrientationLandscapeLeft UIInterfaceOrientationLandscapeRight";
				INFOPLIST_KEY_UISupportedInterfaceOrientations_iPhone = "UIInterfaceOrientationPortrait UIInterfaceOrientationLandscapeLeft UIInterfaceOrientationLandscapeRight";
				LD_RUNPATH_SEARCH_PATHS = (
					"$(inherited)",
					"@executable_path/Frameworks",
				);
				MARKETING_VERSION = 1.0;
				PRODUCT_BUNDLE_IDENTIFIER = com.rootstrap.BlackMarket;
				PRODUCT_NAME = "$(TARGET_NAME)";
				SWIFT_EMIT_LOC_STRINGS = YES;
				SWIFT_VERSION = 5.0;
				TARGETED_DEVICE_FAMILY = "1,2";
			};
			name = Release;
		};
/* End XCBuildConfiguration section */

/* Begin XCConfigurationList section */
		E50E755F293F83F90021722B /* Build configuration list for PBXProject "BlackMarket" */ = {
			isa = XCConfigurationList;
			buildConfigurations = (
				E50E7570293F83FA0021722B /* Debug */,
				E50E7571293F83FA0021722B /* Release */,
			);
			defaultConfigurationIsVisible = 0;
			defaultConfigurationName = Release;
		};
		E50E7572293F83FA0021722B /* Build configuration list for PBXNativeTarget "BlackMarket" */ = {
			isa = XCConfigurationList;
			buildConfigurations = (
				E50E7573293F83FA0021722B /* Debug */,
				E50E7574293F83FA0021722B /* Release */,
			);
			defaultConfigurationIsVisible = 0;
			defaultConfigurationName = Release;
		};
/* End XCConfigurationList section */

/* Begin XCRemoteSwiftPackageReference section */
		E575D6C3294A132100AB305E /* XCRemoteSwiftPackageReference "swift-composable-architecture" */ = {
			isa = XCRemoteSwiftPackageReference;
			repositoryURL = "https://github.com/pointfreeco/swift-composable-architecture.git";
			requirement = {
				kind = upToNextMajorVersion;
				minimumVersion = 0.9.0;
			};
		};
/* End XCRemoteSwiftPackageReference section */

/* Begin XCSwiftPackageProductDependency section */
		E575D6C4294A132100AB305E /* ComposableArchitecture */ = {
			isa = XCSwiftPackageProductDependency;
			package = E575D6C3294A132100AB305E /* XCRemoteSwiftPackageReference "swift-composable-architecture" */;
			productName = ComposableArchitecture;
		};
		E575D6C6294A132100AB305E /* Dependencies */ = {
			isa = XCSwiftPackageProductDependency;
			package = E575D6C3294A132100AB305E /* XCRemoteSwiftPackageReference "swift-composable-architecture" */;
			productName = Dependencies;
		};
/* End XCSwiftPackageProductDependency section */
	};
	rootObject = E50E755C293F83F90021722B /* Project object */;
}
